
Microsoft Visual Studio Solution File, Format Version 12.00
Project("{FAE04EC0-301F-11D3-BF4B-00C04F79EFBC}") = "DYG.UI", "DYG.UI\DYG.UI.csproj", "{DCE16893-9AFD-4FCC-A855-AEBF8CE98C02}"
EndProject
Project("{FAE04EC0-301F-11D3-BF4B-00C04F79EFBC}") = "DYG.Core", "DYG.Core\DYG.Core.csproj", "{C6A7C024-2CE2-4DC8-B089-44BCF5CA31D6}"
EndProject
Project("{FAE04EC0-301F-11D3-BF4B-00C04F79EFBC}") = "DYG.Data", "DYG.Data\DYG.Data.csproj", "{15A00EAA-E18A-4E10-810F-23C0DFF68BE8}"
EndProject
Project("{FAE04EC0-301F-11D3-BF4B-00C04F79EFBC}") = "DYG.Services", "DYG.Services\DYG.Services.csproj", "{A43E5E6F-B6CF-4E29-97A1-54DD82412F70}"
EndProject
Global
	GlobalSection(SolutionConfigurationPlatforms) = preSolution
		Debug|Any CPU = Debug|Any CPU
		Release|Any CPU = Release|Any CPU
	EndGlobalSection
	GlobalSection(ProjectConfigurationPlatforms) = postSolution
		{DCE16893-9AFD-4FCC-A855-AEBF8CE98C02}.Debug|Any CPU.ActiveCfg = Debug|Any CPU
		{DCE16893-9AFD-4FCC-A855-AEBF8CE98C02}.Debug|Any CPU.Build.0 = Debug|Any CPU
		{DCE16893-9AFD-4FCC-A855-AEBF8CE98C02}.Release|Any CPU.ActiveCfg = Release|Any CPU
		{DCE16893-9AFD-4FCC-A855-AEBF8CE98C02}.Release|Any CPU.Build.0 = Release|Any CPU
		{C6A7C024-2CE2-4DC8-B089-44BCF5CA31D6}.Debug|Any CPU.ActiveCfg = Debug|Any CPU
		{C6A7C024-2CE2-4DC8-B089-44BCF5CA31D6}.Debug|Any CPU.Build.0 = Debug|Any CPU
		{C6A7C024-2CE2-4DC8-B089-44BCF5CA31D6}.Release|Any CPU.ActiveCfg = Release|Any CPU
		{C6A7C024-2CE2-4DC8-B089-44BCF5CA31D6}.Release|Any CPU.Build.0 = Release|Any CPU
		{15A00EAA-E18A-4E10-810F-23C0DFF68BE8}.Debug|Any CPU.ActiveCfg = Debug|Any CPU
		{15A00EAA-E18A-4E10-810F-23C0DFF68BE8}.Debug|Any CPU.Build.0 = Debug|Any CPU
		{15A00EAA-E18A-4E10-810F-23C0DFF68BE8}.Release|Any CPU.ActiveCfg = Release|Any CPU
		{15A00EAA-E18A-4E10-810F-23C0DFF68BE8}.Release|Any CPU.Build.0 = Release|Any CPU
		{A43E5E6F-B6CF-4E29-97A1-54DD82412F70}.Debug|Any CPU.ActiveCfg = Debug|Any CPU
		{A43E5E6F-B6CF-4E29-97A1-54DD82412F70}.Debug|Any CPU.Build.0 = Debug|Any CPU
		{A43E5E6F-B6CF-4E29-97A1-54DD82412F70}.Release|Any CPU.ActiveCfg = Release|Any CPU
		{A43E5E6F-B6CF-4E29-97A1-54DD82412F70}.Release|Any CPU.Build.0 = Release|Any CPU
	EndGlobalSection
EndGlobal
